
Microsoft Visual Studio Solution File, Format Version 12.00
# Visual Studio Version 17
VisualStudioVersion = 17.9.34607.119
MinimumVisualStudioVersion = 10.0.40219.1
Project("{8BC9CEB8-8B4A-11D0-8D11-00A0C91BC942}") = "ParadigmaOOPpart2", "ParadigmaOOPpart2\ParadigmaOOPpart2.vcxproj", "{CE199EFB-FB46-4279-B4BF-30CC2664ADE7}"
EndProject
Project("{8BC9CEB8-8B4A-11D0-8D11-00A0C91BC942}") = "noOveride(tidakmenimpa)_polymorphy", "noOveride(tidakmenimpa)_polymorphy\noOveride(tidakmenimpa)_polymorphy.vcxproj", "{30779293-232D-42A0-BC87-DA8D233D304C}"
EndProject
Project("{8BC9CEB8-8B4A-11D0-8D11-00A0C91BC942}") = "nopewarisan_polimorphy", "nopewarisan_polimorphy\nopewarisan_polimorphy.vcxproj", "{3FEC5FE0-6A5E-4FAA-A132-B36B83CEC2BC}"
EndProject
Project("{8BC9CEB8-8B4A-11D0-8D11-00A0C91BC942}") = "enkapsulasi(membungkus)", "enkapsulasi(membungkus)\enkapsulasi(membungkus).vcxproj", "{A86913B4-D5D5-426D-966B-40DDD45B22ED}"
EndProject
Project("{8BC9CEB8-8B4A-11D0-8D11-00A0C91BC942}") = "Abstraksi(menyembunyikan proses)", "Abstraksi(menyembunyikan proses)\Abstraksi(menyembunyikan proses).vcxproj", "{A664FB54-2081-4C63-97E4-B1329FBCDF29}"
EndProject
Project("{8BC9CEB8-8B4A-11D0-8D11-00A0C91BC942}") = "Abstraksi_denganHeader", "Abstraksi_denganHeader\Abstraksi_denganHeader.vcxproj", "{A20B8FE1-0928-4C34-9666-30E4CE986EF3}"
EndProject
Project("{8BC9CEB8-8B4A-11D0-8D11-00A0C91BC942}") = "multiWaris", "multiWaris\multiWaris.vcxproj", "{6AB21A35-81DC-4C4C-8B01-469BB670F1FB}"
EndProject
Project("{8BC9CEB8-8B4A-11D0-8D11-00A0C91BC942}") = "solveMultiWaris", "solveMultiWaris\solveMultiWaris.vcxproj", "{367593C8-8AD7-4A91-A6E8-44BAF57C8075}"
EndProject
Global
	GlobalSection(SolutionConfigurationPlatforms) = preSolution
		Debug|x64 = Debug|x64
		Debug|x86 = Debug|x86
		Release|x64 = Release|x64
		Release|x86 = Release|x86
	EndGlobalSection
	GlobalSection(ProjectConfigurationPlatforms) = postSolution
		{CE199EFB-FB46-4279-B4BF-30CC2664ADE7}.Debug|x64.ActiveCfg = Debug|x64
		{CE199EFB-FB46-4279-B4BF-30CC2664ADE7}.Debug|x64.Build.0 = Debug|x64
		{CE199EFB-FB46-4279-B4BF-30CC2664ADE7}.Debug|x86.ActiveCfg = Debug|Win32
		{CE199EFB-FB46-4279-B4BF-30CC2664ADE7}.Debug|x86.Build.0 = Debug|Win32
		{CE199EFB-FB46-4279-B4BF-30CC2664ADE7}.Release|x64.ActiveCfg = Release|x64
		{CE199EFB-FB46-4279-B4BF-30CC2664ADE7}.Release|x64.Build.0 = Release|x64
		{CE199EFB-FB46-4279-B4BF-30CC2664ADE7}.Release|x86.ActiveCfg = Release|Win32
		{CE199EFB-FB46-4279-B4BF-30CC2664ADE7}.Release|x86.Build.0 = Release|Win32
		{30779293-232D-42A0-BC87-DA8D233D304C}.Debug|x64.ActiveCfg = Debug|x64
		{30779293-232D-42A0-BC87-DA8D233D304C}.Debug|x64.Build.0 = Debug|x64
		{30779293-232D-42A0-BC87-DA8D233D304C}.Debug|x86.ActiveCfg = Debug|Win32
		{30779293-232D-42A0-BC87-DA8D233D304C}.Debug|x86.Build.0 = Debug|Win32
		{30779293-232D-42A0-BC87-DA8D233D304C}.Release|x64.ActiveCfg = Release|x64
		{30779293-232D-42A0-BC87-DA8D233D304C}.Release|x64.Build.0 = Release|x64
		{30779293-232D-42A0-BC87-DA8D233D304C}.Release|x86.ActiveCfg = Release|Win32
		{30779293-232D-42A0-BC87-DA8D233D304C}.Release|x86.Build.0 = Release|Win32
		{3FEC5FE0-6A5E-4FAA-A132-B36B83CEC2BC}.Debug|x64.ActiveCfg = Debug|x64
		{3FEC5FE0-6A5E-4FAA-A132-B36B83CEC2BC}.Debug|x64.Build.0 = Debug|x64
		{3FEC5FE0-6A5E-4FAA-A132-B36B83CEC2BC}.Debug|x86.ActiveCfg = Debug|Win32
		{3FEC5FE0-6A5E-4FAA-A132-B36B83CEC2BC}.Debug|x86.Build.0 = Debug|Win32
		{3FEC5FE0-6A5E-4FAA-A132-B36B83CEC2BC}.Release|x64.ActiveCfg = Release|x64
		{3FEC5FE0-6A5E-4FAA-A132-B36B83CEC2BC}.Release|x64.Build.0 = Release|x64
		{3FEC5FE0-6A5E-4FAA-A132-B36B83CEC2BC}.Release|x86.ActiveCfg = Release|Win32
		{3FEC5FE0-6A5E-4FAA-A132-B36B83CEC2BC}.Release|x86.Build.0 = Release|Win32
		{A86913B4-D5D5-426D-966B-40DDD45B22ED}.Debug|x64.ActiveCfg = Debug|x64
		{A86913B4-D5D5-426D-966B-40DDD45B22ED}.Debug|x64.Build.0 = Debug|x64
		{A86913B4-D5D5-426D-966B-40DDD45B22ED}.Debug|x86.ActiveCfg = Debug|Win32
		{A86913B4-D5D5-426D-966B-40DDD45B22ED}.Debug|x86.Build.0 = Debug|Win32
		{A86913B4-D5D5-426D-966B-40DDD45B22ED}.Release|x64.ActiveCfg = Release|x64
		{A86913B4-D5D5-426D-966B-40DDD45B22ED}.Release|x64.Build.0 = Release|x64
		{A86913B4-D5D5-426D-966B-40DDD45B22ED}.Release|x86.ActiveCfg = Release|Win32
		{A86913B4-D5D5-426D-966B-40DDD45B22ED}.Release|x86.Build.0 = Release|Win32
		{A664FB54-2081-4C63-97E4-B1329FBCDF29}.Debug|x64.ActiveCfg = Debug|x64
		{A664FB54-2081-4C63-97E4-B1329FBCDF29}.Debug|x64.Build.0 = Debug|x64
		{A664FB54-2081-4C63-97E4-B1329FBCDF29}.Debug|x86.ActiveCfg = Debug|Win32
		{A664FB54-2081-4C63-97E4-B1329FBCDF29}.Debug|x86.Build.0 = Debug|Win32
		{A664FB54-2081-4C63-97E4-B1329FBCDF29}.Release|x64.ActiveCfg = Release|x64
		{A664FB54-2081-4C63-97E4-B1329FBCDF29}.Release|x64.Build.0 = Release|x64
		{A664FB54-2081-4C63-97E4-B1329FBCDF29}.Release|x86.ActiveCfg = Release|Win32
		{A664FB54-2081-4C63-97E4-B1329FBCDF29}.Release|x86.Build.0 = Release|Win32
		{A20B8FE1-0928-4C34-9666-30E4CE986EF3}.Debug|x64.ActiveCfg = Debug|x64
		{A20B8FE1-0928-4C34-9666-30E4CE986EF3}.Debug|x64.Build.0 = Debug|x64
		{A20B8FE1-0928-4C34-9666-30E4CE986EF3}.Debug|x86.ActiveCfg = Debug|Win32
		{A20B8FE1-0928-4C34-9666-30E4CE986EF3}.Debug|x86.Build.0 = Debug|Win32
		{A20B8FE1-0928-4C34-9666-30E4CE986EF3}.Release|x64.ActiveCfg = Release|x64
		{A20B8FE1-0928-4C34-9666-30E4CE986EF3}.Release|x64.Build.0 = Release|x64
		{A20B8FE1-0928-4C34-9666-30E4CE986EF3}.Release|x86.ActiveCfg = Release|Win32
		{A20B8FE1-0928-4C34-9666-30E4CE986EF3}.Release|x86.Build.0 = Release|Win32
		{6AB21A35-81DC-4C4C-8B01-469BB670F1FB}.Debug|x64.ActiveCfg = Debug|x64
		{6AB21A35-81DC-4C4C-8B01-469BB670F1FB}.Debug|x64.Build.0 = Debug|x64
		{6AB21A35-81DC-4C4C-8B01-469BB670F1FB}.Debug|x86.ActiveCfg = Debug|Win32
		{6AB21A35-81DC-4C4C-8B01-469BB670F1FB}.Debug|x86.Build.0 = Debug|Win32
		{6AB21A35-81DC-4C4C-8B01-469BB670F1FB}.Release|x64.ActiveCfg = Release|x64
		{6AB21A35-81DC-4C4C-8B01-469BB670F1FB}.Release|x64.Build.0 = Release|x64
		{6AB21A35-81DC-4C4C-8B01-469BB670F1FB}.Release|x86.ActiveCfg = Release|Win32
		{6AB21A35-81DC-4C4C-8B01-469BB670F1FB}.Release|x86.Build.0 = Release|Win32
		{367593C8-8AD7-4A91-A6E8-44BAF57C8075}.Debug|x64.ActiveCfg = Debug|x64
		{367593C8-8AD7-4A91-A6E8-44BAF57C8075}.Debug|x64.Build.0 = Debug|x64
		{367593C8-8AD7-4A91-A6E8-44BAF57C8075}.Debug|x86.ActiveCfg = Debug|Win32
		{367593C8-8AD7-4A91-A6E8-44BAF57C8075}.Debug|x86.Build.0 = Debug|Win32
		{367593C8-8AD7-4A91-A6E8-44BAF57C8075}.Release|x64.ActiveCfg = Release|x64
		{367593C8-8AD7-4A91-A6E8-44BAF57C8075}.Release|x64.Build.0 = Release|x64
		{367593C8-8AD7-4A91-A6E8-44BAF57C8075}.Release|x86.ActiveCfg = Release|Win32
		{367593C8-8AD7-4A91-A6E8-44BAF57C8075}.Release|x86.Build.0 = Release|Win32
	EndGlobalSection
	GlobalSection(SolutionProperties) = preSolution
		HideSolutionNode = FALSE
	EndGlobalSection
	GlobalSection(ExtensibilityGlobals) = postSolution
		SolutionGuid = {9CCD3F5F-224D-4945-B8DF-1A0A76895D76}
	EndGlobalSection
EndGlobal
